// !$*UTF8*$!
{
	archiveVersion = 1;
	classes = {
	};
	objectVersion = 50;
	objects = {

/* Begin PBXBuildFile section */
		7FB5CF7E83CFD3FAED381A36 /* Pods_HereInMyFridge.framework in Frameworks */ = {isa = PBXBuildFile; fileRef = A82246038338F4B429CCE9E1 /* Pods_HereInMyFridge.framework */; };
		A52040165B2213303C84CAAD /* Pods_HereInMyFridgeTests.framework in Frameworks */ = {isa = PBXBuildFile; fileRef = 21A0B3E3124994C40099E5E6 /* Pods_HereInMyFridgeTests.framework */; };
		C0260721232D715500E2FFDA /* UIRecipeCell.swift in Sources */ = {isa = PBXBuildFile; fileRef = C0260720232D715500E2FFDA /* UIRecipeCell.swift */; };
		C0260727232D738E00E2FFDA /* UIIngredientCell.swift in Sources */ = {isa = PBXBuildFile; fileRef = C0260726232D738E00E2FFDA /* UIIngredientCell.swift */; };
		C0260729232D739B00E2FFDA /* UIIngredientCell.xib in Resources */ = {isa = PBXBuildFile; fileRef = C0260728232D739B00E2FFDA /* UIIngredientCell.xib */; };
		C026072B232D76E800E2FFDA /* AddIngredientViewController.swift in Sources */ = {isa = PBXBuildFile; fileRef = C026072A232D76E800E2FFDA /* AddIngredientViewController.swift */; };
		C026072D232D7AE600E2FFDA /* Fridge.swift in Sources */ = {isa = PBXBuildFile; fileRef = C026072C232D7AE600E2FFDA /* Fridge.swift */; };
		C026072F232D7B1700E2FFDA /* Ingredient.swift in Sources */ = {isa = PBXBuildFile; fileRef = C026072E232D7B1700E2FFDA /* Ingredient.swift */; };
		C0260731232D893E00E2FFDA /* EditIngredientViewController.swift in Sources */ = {isa = PBXBuildFile; fileRef = C0260730232D893E00E2FFDA /* EditIngredientViewController.swift */; };
		C040C944232DB409007449E0 /* SpoonacularAPI.swift in Sources */ = {isa = PBXBuildFile; fileRef = C040C943232DB409007449E0 /* SpoonacularAPI.swift */; };
		C040C946232DC411007449E0 /* Spoonacular.swift in Sources */ = {isa = PBXBuildFile; fileRef = C040C945232DC411007449E0 /* Spoonacular.swift */; };
		C040C949232DC940007449E0 /* RecipesViewController.swift in Sources */ = {isa = PBXBuildFile; fileRef = C040C948232DC940007449E0 /* RecipesViewController.swift */; };
		C040C94D232DCB8C007449E0 /* Recipe.swift in Sources */ = {isa = PBXBuildFile; fileRef = C040C94C232DCB8C007449E0 /* Recipe.swift */; };
		C040C950232DD43D007449E0 /* RecipeShoppingViewController.swift in Sources */ = {isa = PBXBuildFile; fileRef = C040C94F232DD43D007449E0 /* RecipeShoppingViewController.swift */; };
		C09504F4232D6DC90026194E /* AppDelegate.swift in Sources */ = {isa = PBXBuildFile; fileRef = C09504F3232D6DC90026194E /* AppDelegate.swift */; };
		C09504F6232D6DC90026194E /* FridgeViewController.swift in Sources */ = {isa = PBXBuildFile; fileRef = C09504F5232D6DC90026194E /* FridgeViewController.swift */; };
		C09504F9232D6DC90026194E /* Main.storyboard in Resources */ = {isa = PBXBuildFile; fileRef = C09504F7232D6DC90026194E /* Main.storyboard */; };
		C09504FB232D6DCA0026194E /* Assets.xcassets in Resources */ = {isa = PBXBuildFile; fileRef = C09504FA232D6DCA0026194E /* Assets.xcassets */; };
		C09504FE232D6DCA0026194E /* LaunchScreen.storyboard in Resources */ = {isa = PBXBuildFile; fileRef = C09504FC232D6DCA0026194E /* LaunchScreen.storyboard */; };
		C0950509232D6DCA0026194E /* HereInMyFridgeTests.swift in Sources */ = {isa = PBXBuildFile; fileRef = C0950508232D6DCA0026194E /* HereInMyFridgeTests.swift */; };
/* End PBXBuildFile section */

/* Begin PBXContainerItemProxy section */
		C0950505232D6DCA0026194E /* PBXContainerItemProxy */ = {
			isa = PBXContainerItemProxy;
			containerPortal = C09504E8232D6DC90026194E /* Project object */;
			proxyType = 1;
			remoteGlobalIDString = C09504EF232D6DC90026194E;
			remoteInfo = HereInMyFridge;
		};
/* End PBXContainerItemProxy section */

/* Begin PBXFileReference section */
		063B657E26860DD7FC1136BE /* Pods-HereInMyFridge.release.xcconfig */ = {isa = PBXFileReference; includeInIndex = 1; lastKnownFileType = text.xcconfig; name = "Pods-HereInMyFridge.release.xcconfig"; path = "Pods/Target Support Files/Pods-HereInMyFridge/Pods-HereInMyFridge.release.xcconfig"; sourceTree = "<group>"; };
		21A0B3E3124994C40099E5E6 /* Pods_HereInMyFridgeTests.framework */ = {isa = PBXFileReference; explicitFileType = wrapper.framework; includeInIndex = 0; path = Pods_HereInMyFridgeTests.framework; sourceTree = BUILT_PRODUCTS_DIR; };
		4F27FFBA0635ED76171E520B /* Pods-HereInMyFridgeTests.debug.xcconfig */ = {isa = PBXFileReference; includeInIndex = 1; lastKnownFileType = text.xcconfig; name = "Pods-HereInMyFridgeTests.debug.xcconfig"; path = "Pods/Target Support Files/Pods-HereInMyFridgeTests/Pods-HereInMyFridgeTests.debug.xcconfig"; sourceTree = "<group>"; };
		7D72F8414ED7542C426FF2DD /* Pods-HereInMyFridgeTests.release.xcconfig */ = {isa = PBXFileReference; includeInIndex = 1; lastKnownFileType = text.xcconfig; name = "Pods-HereInMyFridgeTests.release.xcconfig"; path = "Pods/Target Support Files/Pods-HereInMyFridgeTests/Pods-HereInMyFridgeTests.release.xcconfig"; sourceTree = "<group>"; };
		A82246038338F4B429CCE9E1 /* Pods_HereInMyFridge.framework */ = {isa = PBXFileReference; explicitFileType = wrapper.framework; includeInIndex = 0; path = Pods_HereInMyFridge.framework; sourceTree = BUILT_PRODUCTS_DIR; };
		C0260720232D715500E2FFDA /* UIRecipeCell.swift */ = {isa = PBXFileReference; lastKnownFileType = sourcecode.swift; path = UIRecipeCell.swift; sourceTree = "<group>"; };
		C0260726232D738E00E2FFDA /* UIIngredientCell.swift */ = {isa = PBXFileReference; lastKnownFileType = sourcecode.swift; path = UIIngredientCell.swift; sourceTree = "<group>"; };
		C0260728232D739B00E2FFDA /* UIIngredientCell.xib */ = {isa = PBXFileReference; lastKnownFileType = file.xib; path = UIIngredientCell.xib; sourceTree = "<group>"; };
		C026072A232D76E800E2FFDA /* AddIngredientViewController.swift */ = {isa = PBXFileReference; lastKnownFileType = sourcecode.swift; path = AddIngredientViewController.swift; sourceTree = "<group>"; };
		C026072C232D7AE600E2FFDA /* Fridge.swift */ = {isa = PBXFileReference; lastKnownFileType = sourcecode.swift; path = Fridge.swift; sourceTree = "<group>"; };
		C026072E232D7B1700E2FFDA /* Ingredient.swift */ = {isa = PBXFileReference; lastKnownFileType = sourcecode.swift; path = Ingredient.swift; sourceTree = "<group>"; };
		C0260730232D893E00E2FFDA /* EditIngredientViewController.swift */ = {isa = PBXFileReference; lastKnownFileType = sourcecode.swift; path = EditIngredientViewController.swift; sourceTree = "<group>"; };
		C040C943232DB409007449E0 /* SpoonacularAPI.swift */ = {isa = PBXFileReference; lastKnownFileType = sourcecode.swift; path = SpoonacularAPI.swift; sourceTree = "<group>"; };
		C040C945232DC411007449E0 /* Spoonacular.swift */ = {isa = PBXFileReference; lastKnownFileType = sourcecode.swift; path = Spoonacular.swift; sourceTree = "<group>"; };
		C040C948232DC940007449E0 /* RecipesViewController.swift */ = {isa = PBXFileReference; lastKnownFileType = sourcecode.swift; path = RecipesViewController.swift; sourceTree = "<group>"; };
		C040C94C232DCB8C007449E0 /* Recipe.swift */ = {isa = PBXFileReference; lastKnownFileType = sourcecode.swift; path = Recipe.swift; sourceTree = "<group>"; };
		C040C94F232DD43D007449E0 /* RecipeShoppingViewController.swift */ = {isa = PBXFileReference; lastKnownFileType = sourcecode.swift; path = RecipeShoppingViewController.swift; sourceTree = "<group>"; };
		C09504F0232D6DC90026194E /* HereInMyFridge.app */ = {isa = PBXFileReference; explicitFileType = wrapper.application; includeInIndex = 0; path = HereInMyFridge.app; sourceTree = BUILT_PRODUCTS_DIR; };
		C09504F3232D6DC90026194E /* AppDelegate.swift */ = {isa = PBXFileReference; lastKnownFileType = sourcecode.swift; path = AppDelegate.swift; sourceTree = "<group>"; };
		C09504F5232D6DC90026194E /* FridgeViewController.swift */ = {isa = PBXFileReference; lastKnownFileType = sourcecode.swift; path = FridgeViewController.swift; sourceTree = "<group>"; };
		C09504F8232D6DC90026194E /* Base */ = {isa = PBXFileReference; lastKnownFileType = file.storyboard; name = Base; path = Base.lproj/Main.storyboard; sourceTree = "<group>"; };
		C09504FA232D6DCA0026194E /* Assets.xcassets */ = {isa = PBXFileReference; lastKnownFileType = folder.assetcatalog; path = Assets.xcassets; sourceTree = "<group>"; };
		C09504FD232D6DCA0026194E /* Base */ = {isa = PBXFileReference; lastKnownFileType = file.storyboard; name = Base; path = Base.lproj/LaunchScreen.storyboard; sourceTree = "<group>"; };
		C09504FF232D6DCA0026194E /* Info.plist */ = {isa = PBXFileReference; lastKnownFileType = text.plist.xml; path = Info.plist; sourceTree = "<group>"; };
		C0950504232D6DCA0026194E /* HereInMyFridgeTests.xctest */ = {isa = PBXFileReference; explicitFileType = wrapper.cfbundle; includeInIndex = 0; path = HereInMyFridgeTests.xctest; sourceTree = BUILT_PRODUCTS_DIR; };
		C0950508232D6DCA0026194E /* HereInMyFridgeTests.swift */ = {isa = PBXFileReference; lastKnownFileType = sourcecode.swift; path = HereInMyFridgeTests.swift; sourceTree = "<group>"; };
		C095050A232D6DCA0026194E /* Info.plist */ = {isa = PBXFileReference; lastKnownFileType = text.plist.xml; path = Info.plist; sourceTree = "<group>"; };
		FA042A94FF1E40268ABDA643 /* Pods-HereInMyFridge.debug.xcconfig */ = {isa = PBXFileReference; includeInIndex = 1; lastKnownFileType = text.xcconfig; name = "Pods-HereInMyFridge.debug.xcconfig"; path = "Pods/Target Support Files/Pods-HereInMyFridge/Pods-HereInMyFridge.debug.xcconfig"; sourceTree = "<group>"; };
/* End PBXFileReference section */

/* Begin PBXFrameworksBuildPhase section */
		C09504ED232D6DC90026194E /* Frameworks */ = {
			isa = PBXFrameworksBuildPhase;
			buildActionMask = 2147483647;
			files = (
				7FB5CF7E83CFD3FAED381A36 /* Pods_HereInMyFridge.framework in Frameworks */,
			);
			runOnlyForDeploymentPostprocessing = 0;
		};
		C0950501232D6DCA0026194E /* Frameworks */ = {
			isa = PBXFrameworksBuildPhase;
			buildActionMask = 2147483647;
			files = (
				A52040165B2213303C84CAAD /* Pods_HereInMyFridgeTests.framework in Frameworks */,
			);
			runOnlyForDeploymentPostprocessing = 0;
		};
/* End PBXFrameworksBuildPhase section */

/* Begin PBXGroup section */
		5F28DAF3256CD6506FE0A08D /* Pods */ = {
			isa = PBXGroup;
			children = (
				FA042A94FF1E40268ABDA643 /* Pods-HereInMyFridge.debug.xcconfig */,
				063B657E26860DD7FC1136BE /* Pods-HereInMyFridge.release.xcconfig */,
				4F27FFBA0635ED76171E520B /* Pods-HereInMyFridgeTests.debug.xcconfig */,
				7D72F8414ED7542C426FF2DD /* Pods-HereInMyFridgeTests.release.xcconfig */,
			);
			name = Pods;
			sourceTree = "<group>";
		};
		7DA4DD1AD54343A2821DE820 /* Frameworks */ = {
			isa = PBXGroup;
			children = (
				A82246038338F4B429CCE9E1 /* Pods_HereInMyFridge.framework */,
				21A0B3E3124994C40099E5E6 /* Pods_HereInMyFridgeTests.framework */,
			);
			name = Frameworks;
			sourceTree = "<group>";
		};
		C026071F232D713600E2FFDA /* Interface */ = {
			isa = PBXGroup;
			children = (
				C09504F7232D6DC90026194E /* Main.storyboard */,
				C09504F5232D6DC90026194E /* FridgeViewController.swift */,
				C026072A232D76E800E2FFDA /* AddIngredientViewController.swift */,
				C0260730232D893E00E2FFDA /* EditIngredientViewController.swift */,
				C040C948232DC940007449E0 /* RecipesViewController.swift */,
				C040C94F232DD43D007449E0 /* RecipeShoppingViewController.swift */,
				C0260725232D733C00E2FFDA /* Ingredient Cell */,
				C040C94E232DD24E007449E0 /* Recipe Cell */,
			);
			path = Interface;
			sourceTree = "<group>";
		};
		C0260725232D733C00E2FFDA /* Ingredient Cell */ = {
			isa = PBXGroup;
			children = (
				C0260726232D738E00E2FFDA /* UIIngredientCell.swift */,
				C0260728232D739B00E2FFDA /* UIIngredientCell.xib */,
			);
			path = "Ingredient Cell";
			sourceTree = "<group>";
		};
		C040C947232DC5E6007449E0 /* Spoonacular */ = {
			isa = PBXGroup;
			children = (
				C040C943232DB409007449E0 /* SpoonacularAPI.swift */,
				C040C945232DC411007449E0 /* Spoonacular.swift */,
			);
			path = Spoonacular;
			sourceTree = "<group>";
		};
		C040C94A232DCB50007449E0 /* Data */ = {
			isa = PBXGroup;
			children = (
				C026072E232D7B1700E2FFDA /* Ingredient.swift */,
				C040C94C232DCB8C007449E0 /* Recipe.swift */,
			);
			path = Data;
			sourceTree = "<group>";
		};
		C040C94B232DCB60007449E0 /* Support Files */ = {
			isa = PBXGroup;
			children = (
				C09504FA232D6DCA0026194E /* Assets.xcassets */,
				C09504FC232D6DCA0026194E /* LaunchScreen.storyboard */,
			);
			path = "Support Files";
			sourceTree = "<group>";
		};
		C040C94E232DD24E007449E0 /* Recipe Cell */ = {
			isa = PBXGroup;
			children = (
				C0260720232D715500E2FFDA /* UIRecipeCell.swift */,
			);
			path = "Recipe Cell";
			sourceTree = "<group>";
		};
		C09504E7232D6DC90026194E = {
			isa = PBXGroup;
			children = (
				C09504F2232D6DC90026194E /* HereInMyFridge */,
				C0950507232D6DCA0026194E /* HereInMyFridgeTests */,
				C09504F1232D6DC90026194E /* Products */,
				5F28DAF3256CD6506FE0A08D /* Pods */,
				7DA4DD1AD54343A2821DE820 /* Frameworks */,
			);
			sourceTree = "<group>";
		};
		C09504F1232D6DC90026194E /* Products */ = {
			isa = PBXGroup;
			children = (
				C09504F0232D6DC90026194E /* HereInMyFridge.app */,
				C0950504232D6DCA0026194E /* HereInMyFridgeTests.xctest */,
			);
			name = Products;
			sourceTree = "<group>";
		};
		C09504F2232D6DC90026194E /* HereInMyFridge */ = {
			isa = PBXGroup;
			children = (
				C09504FF232D6DCA0026194E /* Info.plist */,
				C09504F3232D6DC90026194E /* AppDelegate.swift */,
				C026072C232D7AE600E2FFDA /* Fridge.swift */,
				C040C94A232DCB50007449E0 /* Data */,
				C040C947232DC5E6007449E0 /* Spoonacular */,
				C026071F232D713600E2FFDA /* Interface */,
				C040C94B232DCB60007449E0 /* Support Files */,
			);
			path = HereInMyFridge;
			sourceTree = "<group>";
		};
		C0950507232D6DCA0026194E /* HereInMyFridgeTests */ = {
			isa = PBXGroup;
			children = (
				C0950508232D6DCA0026194E /* HereInMyFridgeTests.swift */,
				C095050A232D6DCA0026194E /* Info.plist */,
			);
			path = HereInMyFridgeTests;
			sourceTree = "<group>";
		};
/* End PBXGroup section */

/* Begin PBXNativeTarget section */
		C09504EF232D6DC90026194E /* HereInMyFridge */ = {
			isa = PBXNativeTarget;
			buildConfigurationList = C095050D232D6DCA0026194E /* Build configuration list for PBXNativeTarget "HereInMyFridge" */;
			buildPhases = (
				869F100E621B6CE04077F52F /* [CP] Check Pods Manifest.lock */,
				C09504EC232D6DC90026194E /* Sources */,
				C09504ED232D6DC90026194E /* Frameworks */,
				C09504EE232D6DC90026194E /* Resources */,
				3118C4B1A3C7346CFB6A6135 /* [CP] Embed Pods Frameworks */,
			);
			buildRules = (
			);
			dependencies = (
			);
			name = HereInMyFridge;
			productName = HereInMyFridge;
			productReference = C09504F0232D6DC90026194E /* HereInMyFridge.app */;
			productType = "com.apple.product-type.application";
		};
		C0950503232D6DCA0026194E /* HereInMyFridgeTests */ = {
			isa = PBXNativeTarget;
			buildConfigurationList = C0950510232D6DCA0026194E /* Build configuration list for PBXNativeTarget "HereInMyFridgeTests" */;
			buildPhases = (
				AFF67B182C03B3B9BCB8ED93 /* [CP] Check Pods Manifest.lock */,
				C0950500232D6DCA0026194E /* Sources */,
				C0950501232D6DCA0026194E /* Frameworks */,
				C0950502232D6DCA0026194E /* Resources */,
			);
			buildRules = (
			);
			dependencies = (
				C0950506232D6DCA0026194E /* PBXTargetDependency */,
			);
			name = HereInMyFridgeTests;
			productName = HereInMyFridgeTests;
			productReference = C0950504232D6DCA0026194E /* HereInMyFridgeTests.xctest */;
			productType = "com.apple.product-type.bundle.unit-test";
		};
/* End PBXNativeTarget section */

/* Begin PBXProject section */
		C09504E8232D6DC90026194E /* Project object */ = {
			isa = PBXProject;
			attributes = {
				LastSwiftUpdateCheck = 1030;
				LastUpgradeCheck = 1030;
				ORGANIZATIONNAME = Jovialis;
				TargetAttributes = {
					C09504EF232D6DC90026194E = {
						CreatedOnToolsVersion = 10.3;
					};
					C0950503232D6DCA0026194E = {
						CreatedOnToolsVersion = 10.3;
						TestTargetID = C09504EF232D6DC90026194E;
					};
				};
			};
			buildConfigurationList = C09504EB232D6DC90026194E /* Build configuration list for PBXProject "HereInMyFridge" */;
			compatibilityVersion = "Xcode 9.3";
			developmentRegion = en;
			hasScannedForEncodings = 0;
			knownRegions = (
				en,
				Base,
			);
			mainGroup = C09504E7232D6DC90026194E;
			productRefGroup = C09504F1232D6DC90026194E /* Products */;
			projectDirPath = "";
			projectRoot = "";
			targets = (
				C09504EF232D6DC90026194E /* HereInMyFridge */,
				C0950503232D6DCA0026194E /* HereInMyFridgeTests */,
			);
		};
/* End PBXProject section */

/* Begin PBXResourcesBuildPhase section */
		C09504EE232D6DC90026194E /* Resources */ = {
			isa = PBXResourcesBuildPhase;
			buildActionMask = 2147483647;
			files = (
				C09504FE232D6DCA0026194E /* LaunchScreen.storyboard in Resources */,
				C09504FB232D6DCA0026194E /* Assets.xcassets in Resources */,
				C09504F9232D6DC90026194E /* Main.storyboard in Resources */,
				C0260729232D739B00E2FFDA /* UIIngredientCell.xib in Resources */,
			);
			runOnlyForDeploymentPostprocessing = 0;
		};
		C0950502232D6DCA0026194E /* Resources */ = {
			isa = PBXResourcesBuildPhase;
			buildActionMask = 2147483647;
			files = (
			);
			runOnlyForDeploymentPostprocessing = 0;
		};
/* End PBXResourcesBuildPhase section */

/* Begin PBXShellScriptBuildPhase section */
		3118C4B1A3C7346CFB6A6135 /* [CP] Embed Pods Frameworks */ = {
			isa = PBXShellScriptBuildPhase;
			buildActionMask = 2147483647;
			files = (
			);
			inputPaths = (
				"${SRCROOT}/Pods/Target Support Files/Pods-HereInMyFridge/Pods-HereInMyFridge-frameworks.sh",
				"${BUILT_PRODUCTS_DIR}/Alamofire/Alamofire.framework",
				"${BUILT_PRODUCTS_DIR}/Moya/Moya.framework",
				"${BUILT_PRODUCTS_DIR}/Realm/Realm.framework",
				"${BUILT_PRODUCTS_DIR}/RealmSwift/RealmSwift.framework",
				"${BUILT_PRODUCTS_DIR}/Result/Result.framework",
				"${BUILT_PRODUCTS_DIR}/Signals/Signals.framework",
				"${BUILT_PRODUCTS_DIR}/SwiftyJSON/SwiftyJSON.framework",
				"${BUILT_PRODUCTS_DIR}/TableManager/TableManager.framework",
			);
			name = "[CP] Embed Pods Frameworks";
			outputPaths = (
				"${TARGET_BUILD_DIR}/${FRAMEWORKS_FOLDER_PATH}/Alamofire.framework",
				"${TARGET_BUILD_DIR}/${FRAMEWORKS_FOLDER_PATH}/Moya.framework",
				"${TARGET_BUILD_DIR}/${FRAMEWORKS_FOLDER_PATH}/Realm.framework",
				"${TARGET_BUILD_DIR}/${FRAMEWORKS_FOLDER_PATH}/RealmSwift.framework",
				"${TARGET_BUILD_DIR}/${FRAMEWORKS_FOLDER_PATH}/Result.framework",
				"${TARGET_BUILD_DIR}/${FRAMEWORKS_FOLDER_PATH}/Signals.framework",
				"${TARGET_BUILD_DIR}/${FRAMEWORKS_FOLDER_PATH}/SwiftyJSON.framework",
				"${TARGET_BUILD_DIR}/${FRAMEWORKS_FOLDER_PATH}/TableManager.framework",
			);
			runOnlyForDeploymentPostprocessing = 0;
			shellPath = /bin/sh;
			shellScript = "\"${SRCROOT}/Pods/Target Support Files/Pods-HereInMyFridge/Pods-HereInMyFridge-frameworks.sh\"\n";
			showEnvVarsInLog = 0;
		};
		869F100E621B6CE04077F52F /* [CP] Check Pods Manifest.lock */ = {
			isa = PBXShellScriptBuildPhase;
			buildActionMask = 2147483647;
			files = (
			);
			inputPaths = (
				"${PODS_PODFILE_DIR_PATH}/Podfile.lock",
				"${PODS_ROOT}/Manifest.lock",
			);
			name = "[CP] Check Pods Manifest.lock";
			outputPaths = (
				"$(DERIVED_FILE_DIR)/Pods-HereInMyFridge-checkManifestLockResult.txt",
			);
			runOnlyForDeploymentPostprocessing = 0;
			shellPath = /bin/sh;
			shellScript = "diff \"${PODS_PODFILE_DIR_PATH}/Podfile.lock\" \"${PODS_ROOT}/Manifest.lock\" > /dev/null\nif [ $? != 0 ] ; then\n    # print error to STDERR\n    echo \"error: The sandbox is not in sync with the Podfile.lock. Run 'pod install' or update your CocoaPods installation.\" >&2\n    exit 1\nfi\n# This output is used by Xcode 'outputs' to avoid re-running this script phase.\necho \"SUCCESS\" > \"${SCRIPT_OUTPUT_FILE_0}\"\n";
			showEnvVarsInLog = 0;
		};
		AFF67B182C03B3B9BCB8ED93 /* [CP] Check Pods Manifest.lock */ = {
			isa = PBXShellScriptBuildPhase;
			buildActionMask = 2147483647;
			files = (
			);
			inputPaths = (
				"${PODS_PODFILE_DIR_PATH}/Podfile.lock",
				"${PODS_ROOT}/Manifest.lock",
			);
			name = "[CP] Check Pods Manifest.lock";
			outputPaths = (
				"$(DERIVED_FILE_DIR)/Pods-HereInMyFridgeTests-checkManifestLockResult.txt",
			);
			runOnlyForDeploymentPostprocessing = 0;
			shellPath = /bin/sh;
			shellScript = "diff \"${PODS_PODFILE_DIR_PATH}/Podfile.lock\" \"${PODS_ROOT}/Manifest.lock\" > /dev/null\nif [ $? != 0 ] ; then\n    # print error to STDERR\n    echo \"error: The sandbox is not in sync with the Podfile.lock. Run 'pod install' or update your CocoaPods installation.\" >&2\n    exit 1\nfi\n# This output is used by Xcode 'outputs' to avoid re-running this script phase.\necho \"SUCCESS\" > \"${SCRIPT_OUTPUT_FILE_0}\"\n";
			showEnvVarsInLog = 0;
		};
/* End PBXShellScriptBuildPhase section */

/* Begin PBXSourcesBuildPhase section */
		C09504EC232D6DC90026194E /* Sources */ = {
			isa = PBXSourcesBuildPhase;
			buildActionMask = 2147483647;
			files = (
				C026072D232D7AE600E2FFDA /* Fridge.swift in Sources */,
				C0260727232D738E00E2FFDA /* UIIngredientCell.swift in Sources */,
				C026072F232D7B1700E2FFDA /* Ingredient.swift in Sources */,
				C040C94D232DCB8C007449E0 /* Recipe.swift in Sources */,
				C040C949232DC940007449E0 /* RecipesViewController.swift in Sources */,
				C040C946232DC411007449E0 /* Spoonacular.swift in Sources */,
				C026072B232D76E800E2FFDA /* AddIngredientViewController.swift in Sources */,
				C040C950232DD43D007449E0 /* RecipeShoppingViewController.swift in Sources */,
				C09504F6232D6DC90026194E /* FridgeViewController.swift in Sources */,
				C09504F4232D6DC90026194E /* AppDelegate.swift in Sources */,
				C0260721232D715500E2FFDA /* UIRecipeCell.swift in Sources */,
				C0260731232D893E00E2FFDA /* EditIngredientViewController.swift in Sources */,
				C040C944232DB409007449E0 /* SpoonacularAPI.swift in Sources */,
			);
			runOnlyForDeploymentPostprocessing = 0;
		};
		C0950500232D6DCA0026194E /* Sources */ = {
			isa = PBXSourcesBuildPhase;
			buildActionMask = 2147483647;
			files = (
				C0950509232D6DCA0026194E /* HereInMyFridgeTests.swift in Sources */,
			);
			runOnlyForDeploymentPostprocessing = 0;
		};
/* End PBXSourcesBuildPhase section */

/* Begin PBXTargetDependency section */
		C0950506232D6DCA0026194E /* PBXTargetDependency */ = {
			isa = PBXTargetDependency;
			target = C09504EF232D6DC90026194E /* HereInMyFridge */;
			targetProxy = C0950505232D6DCA0026194E /* PBXContainerItemProxy */;
		};
/* End PBXTargetDependency section */

/* Begin PBXVariantGroup section */
		C09504F7232D6DC90026194E /* Main.storyboard */ = {
			isa = PBXVariantGroup;
			children = (
				C09504F8232D6DC90026194E /* Base */,
			);
			name = Main.storyboard;
			sourceTree = "<group>";
		};
		C09504FC232D6DCA0026194E /* LaunchScreen.storyboard */ = {
			isa = PBXVariantGroup;
			children = (
				C09504FD232D6DCA0026194E /* Base */,
			);
			name = LaunchScreen.storyboard;
			sourceTree = "<group>";
		};
/* End PBXVariantGroup section */

/* Begin XCBuildConfiguration section */
		C095050B232D6DCA0026194E /* Debug */ = {
			isa = XCBuildConfiguration;
			buildSettings = {
				ALWAYS_SEARCH_USER_PATHS = NO;
				CLANG_ANALYZER_NONNULL = YES;
				CLANG_ANALYZER_NUMBER_OBJECT_CONVERSION = YES_AGGRESSIVE;
				CLANG_CXX_LANGUAGE_STANDARD = "gnu++14";
				CLANG_CXX_LIBRARY = "libc++";
				CLANG_ENABLE_MODULES = YES;
				CLANG_ENABLE_OBJC_ARC = YES;
				CLANG_ENABLE_OBJC_WEAK = YES;
				CLANG_WARN_BLOCK_CAPTURE_AUTORELEASING = YES;
				CLANG_WARN_BOOL_CONVERSION = YES;
				CLANG_WARN_COMMA = YES;
				CLANG_WARN_CONSTANT_CONVERSION = YES;
				CLANG_WARN_DEPRECATED_OBJC_IMPLEMENTATIONS = YES;
				CLANG_WARN_DIRECT_OBJC_ISA_USAGE = YES_ERROR;
				CLANG_WARN_DOCUMENTATION_COMMENTS = YES;
				CLANG_WARN_EMPTY_BODY = YES;
				CLANG_WARN_ENUM_CONVERSION = YES;
				CLANG_WARN_INFINITE_RECURSION = YES;
				CLANG_WARN_INT_CONVERSION = YES;
				CLANG_WARN_NON_LITERAL_NULL_CONVERSION = YES;
				CLANG_WARN_OBJC_IMPLICIT_RETAIN_SELF = YES;
				CLANG_WARN_OBJC_LITERAL_CONVERSION = YES;
				CLANG_WARN_OBJC_ROOT_CLASS = YES_ERROR;
				CLANG_WARN_RANGE_LOOP_ANALYSIS = YES;
				CLANG_WARN_STRICT_PROTOTYPES = YES;
				CLANG_WARN_SUSPICIOUS_MOVE = YES;
				CLANG_WARN_UNGUARDED_AVAILABILITY = YES_AGGRESSIVE;
				CLANG_WARN_UNREACHABLE_CODE = YES;
				CLANG_WARN__DUPLICATE_METHOD_MATCH = YES;
				CODE_SIGN_IDENTITY = "iPhone Developer";
				COPY_PHASE_STRIP = NO;
				DEBUG_INFORMATION_FORMAT = dwarf;
				ENABLE_STRICT_OBJC_MSGSEND = YES;
				ENABLE_TESTABILITY = YES;
				GCC_C_LANGUAGE_STANDARD = gnu11;
				GCC_DYNAMIC_NO_PIC = NO;
				GCC_NO_COMMON_BLOCKS = YES;
				GCC_OPTIMIZATION_LEVEL = 0;
				GCC_PREPROCESSOR_DEFINITIONS = (
					"DEBUG=1",
					"$(inherited)",
				);
				GCC_WARN_64_TO_32_BIT_CONVERSION = YES;
				GCC_WARN_ABOUT_RETURN_TYPE = YES_ERROR;
				GCC_WARN_UNDECLARED_SELECTOR = YES;
				GCC_WARN_UNINITIALIZED_AUTOS = YES_AGGRESSIVE;
				GCC_WARN_UNUSED_FUNCTION = YES;
				GCC_WARN_UNUSED_VARIABLE = YES;
				IPHONEOS_DEPLOYMENT_TARGET = 12.4;
				MTL_ENABLE_DEBUG_INFO = INCLUDE_SOURCE;
				MTL_FAST_MATH = YES;
				ONLY_ACTIVE_ARCH = YES;
				SDKROOT = iphoneos;
				SWIFT_ACTIVE_COMPILATION_CONDITIONS = DEBUG;
				SWIFT_OPTIMIZATION_LEVEL = "-Onone";
			};
			name = Debug;
		};
		C095050C232D6DCA0026194E /* Release */ = {
			isa = XCBuildConfiguration;
			buildSettings = {
				ALWAYS_SEARCH_USER_PATHS = NO;
				CLANG_ANALYZER_NONNULL = YES;
				CLANG_ANALYZER_NUMBER_OBJECT_CONVERSION = YES_AGGRESSIVE;
				CLANG_CXX_LANGUAGE_STANDARD = "gnu++14";
				CLANG_CXX_LIBRARY = "libc++";
				CLANG_ENABLE_MODULES = YES;
				CLANG_ENABLE_OBJC_ARC = YES;
				CLANG_ENABLE_OBJC_WEAK = YES;
				CLANG_WARN_BLOCK_CAPTURE_AUTORELEASING = YES;
				CLANG_WARN_BOOL_CONVERSION = YES;
				CLANG_WARN_COMMA = YES;
				CLANG_WARN_CONSTANT_CONVERSION = YES;
				CLANG_WARN_DEPRECATED_OBJC_IMPLEMENTATIONS = YES;
				CLANG_WARN_DIRECT_OBJC_ISA_USAGE = YES_ERROR;
				CLANG_WARN_DOCUMENTATION_COMMENTS = YES;
				CLANG_WARN_EMPTY_BODY = YES;
				CLANG_WARN_ENUM_CONVERSION = YES;
				CLANG_WARN_INFINITE_RECURSION = YES;
				CLANG_WARN_INT_CONVERSION = YES;
				CLANG_WARN_NON_LITERAL_NULL_CONVERSION = YES;
				CLANG_WARN_OBJC_IMPLICIT_RETAIN_SELF = YES;
				CLANG_WARN_OBJC_LITERAL_CONVERSION = YES;
				CLANG_WARN_OBJC_ROOT_CLASS = YES_ERROR;
				CLANG_WARN_RANGE_LOOP_ANALYSIS = YES;
				CLANG_WARN_STRICT_PROTOTYPES = YES;
				CLANG_WARN_SUSPICIOUS_MOVE = YES;
				CLANG_WARN_UNGUARDED_AVAILABILITY = YES_AGGRESSIVE;
				CLANG_WARN_UNREACHABLE_CODE = YES;
				CLANG_WARN__DUPLICATE_METHOD_MATCH = YES;
				CODE_SIGN_IDENTITY = "iPhone Developer";
				COPY_PHASE_STRIP = NO;
				DEBUG_INFORMATION_FORMAT = "dwarf-with-dsym";
				ENABLE_NS_ASSERTIONS = NO;
				ENABLE_STRICT_OBJC_MSGSEND = YES;
				GCC_C_LANGUAGE_STANDARD = gnu11;
				GCC_NO_COMMON_BLOCKS = YES;
				GCC_WARN_64_TO_32_BIT_CONVERSION = YES;
				GCC_WARN_ABOUT_RETURN_TYPE = YES_ERROR;
				GCC_WARN_UNDECLARED_SELECTOR = YES;
				GCC_WARN_UNINITIALIZED_AUTOS = YES_AGGRESSIVE;
				GCC_WARN_UNUSED_FUNCTION = YES;
				GCC_WARN_UNUSED_VARIABLE = YES;
				IPHONEOS_DEPLOYMENT_TARGET = 12.4;
				MTL_ENABLE_DEBUG_INFO = NO;
				MTL_FAST_MATH = YES;
				SDKROOT = iphoneos;
				SWIFT_COMPILATION_MODE = wholemodule;
				SWIFT_OPTIMIZATION_LEVEL = "-O";
				VALIDATE_PRODUCT = YES;
			};
			name = Release;
		};
		C095050E232D6DCA0026194E /* Debug */ = {
			isa = XCBuildConfiguration;
			baseConfigurationReference = FA042A94FF1E40268ABDA643 /* Pods-HereInMyFridge.debug.xcconfig */;
			buildSettings = {
				ASSETCATALOG_COMPILER_APPICON_NAME = AppIcon;
				CODE_SIGN_STYLE = Automatic;
				DEVELOPMENT_TEAM = 73N7QQDQ6Z;
				INFOPLIST_FILE = HereInMyFridge/Info.plist;
				LD_RUNPATH_SEARCH_PATHS = (
					"$(inherited)",
					"@executable_path/Frameworks",
				);
				PRODUCT_BUNDLE_IDENTIFIER = jovialis.dev.HereInMyFridge;
				PRODUCT_NAME = "$(TARGET_NAME)";
				SWIFT_VERSION = 5.0;
				TARGETED_DEVICE_FAMILY = "1,2";
			};
			name = Debug;
		};
		C095050F232D6DCA0026194E /* Release */ = {
			isa = XCBuildConfiguration;
			baseConfigurationReference = 063B657E26860DD7FC1136BE /* Pods-HereInMyFridge.release.xcconfig */;
			buildSettings = {
				ASSETCATALOG_COMPILER_APPICON_NAME = AppIcon;
				CODE_SIGN_STYLE = Automatic;
				DEVELOPMENT_TEAM = 73N7QQDQ6Z;
				INFOPLIST_FILE = HereInMyFridge/Info.plist;
				LD_RUNPATH_SEARCH_PATHS = (
					"$(inherited)",
					"@executable_path/Frameworks",
				);
				PRODUCT_BUNDLE_IDENTIFIER = jovialis.dev.HereInMyFridge;
				PRODUCT_NAME = "$(TARGET_NAME)";
				SWIFT_VERSION = 5.0;
				TARGETED_DEVICE_FAMILY = "1,2";
			};
			name = Release;
		};
		C0950511232D6DCA0026194E /* Debug */ = {
			isa = XCBuildConfiguration;
			baseConfigurationReference = 4F27FFBA0635ED76171E520B /* Pods-HereInMyFridgeTests.debug.xcconfig */;
			buildSettings = {
				ALWAYS_EMBED_SWIFT_STANDARD_LIBRARIES = YES;
				BUNDLE_LOADER = "$(TEST_HOST)";
				CODE_SIGN_STYLE = Automatic;
				DEVELOPMENT_TEAM = 73N7QQDQ6Z;
				INFOPLIST_FILE = HereInMyFridgeTests/Info.plist;
				LD_RUNPATH_SEARCH_PATHS = (
					"$(inherited)",
					"@executable_path/Frameworks",
					"@loader_path/Frameworks",
				);
				PRODUCT_BUNDLE_IDENTIFIER = jovialis.dev.HereInMyFridgeTests;
				PRODUCT_NAME = "$(TARGET_NAME)";
				SWIFT_VERSION = 5.0;
				TARGETED_DEVICE_FAMILY = "1,2";
				TEST_HOST = "$(BUILT_PRODUCTS_DIR)/HereInMyFridge.app/HereInMyFridge";
			};
			name = Debug;
		};
		C0950512232D6DCA0026194E /* Release */ = {
			isa = XCBuildConfiguration;
			baseConfigurationReference = 7D72F8414ED7542C426FF2DD /* Pods-HereInMyFridgeTests.release.xcconfig */;
			buildSettings = {
				ALWAYS_EMBED_SWIFT_STANDARD_LIBRARIES = YES;
				BUNDLE_LOADER = "$(TEST_HOST)";
				CODE_SIGN_STYLE = Automatic;
				DEVELOPMENT_TEAM = 73N7QQDQ6Z;
				INFOPLIST_FILE = HereInMyFridgeTests/Info.plist;
				LD_RUNPATH_SEARCH_PATHS = (
					"$(inherited)",
					"@executable_path/Frameworks",
					"@loader_path/Frameworks",
				);
				PRODUCT_BUNDLE_IDENTIFIER = jovialis.dev.HereInMyFridgeTests;
				PRODUCT_NAME = "$(TARGET_NAME)";
				SWIFT_VERSION = 5.0;
				TARGETED_DEVICE_FAMILY = "1,2";
				TEST_HOST = "$(BUILT_PRODUCTS_DIR)/HereInMyFridge.app/HereInMyFridge";
			};
			name = Release;
		};
/* End XCBuildConfiguration section */

/* Begin XCConfigurationList section */
		C09504EB232D6DC90026194E /* Build configuration list for PBXProject "HereInMyFridge" */ = {
			isa = XCConfigurationList;
			buildConfigurations = (
				C095050B232D6DCA0026194E /* Debug */,
				C095050C232D6DCA0026194E /* Release */,
			);
			defaultConfigurationIsVisible = 0;
			defaultConfigurationName = Release;
		};
		C095050D232D6DCA0026194E /* Build configuration list for PBXNativeTarget "HereInMyFridge" */ = {
			isa = XCConfigurationList;
			buildConfigurations = (
				C095050E232D6DCA0026194E /* Debug */,
				C095050F232D6DCA0026194E /* Release */,
			);
			defaultConfigurationIsVisible = 0;
			defaultConfigurationName = Release;
		};
		C0950510232D6DCA0026194E /* Build configuration list for PBXNativeTarget "HereInMyFridgeTests" */ = {
			isa = XCConfigurationList;
			buildConfigurations = (
				C0950511232D6DCA0026194E /* Debug */,
				C0950512232D6DCA0026194E /* Release */,
			);
			defaultConfigurationIsVisible = 0;
			defaultConfigurationName = Release;
		};
/* End XCConfigurationList section */
	};
	rootObject = C09504E8232D6DC90026194E /* Project object */;
}
